// !$*UTF8*$!
{
	archiveVersion = 1;
	classes = {
	};
	objectVersion = 56;
	objects = {

/* Begin PBXBuildFile section */
		3436F1682AF227B000A3507E /* DateDifferenceView.swift in Sources */ = {isa = PBXBuildFile; fileRef = 3436F1672AF227B000A3507E /* DateDifferenceView.swift */; };
		3436F16A2AF22B3B00A3507E /* DateDifferenceViewModel.swift in Sources */ = {isa = PBXBuildFile; fileRef = 3436F1692AF22B3B00A3507E /* DateDifferenceViewModel.swift */; };
		3436F16C2AF22CAF00A3507E /* DateDiffItem.swift in Sources */ = {isa = PBXBuildFile; fileRef = 3436F16B2AF22CAF00A3507E /* DateDiffItem.swift */; };
		3459F7AF2AB8729C00D15011 /* CalcHistoryOperationCell.swift in Sources */ = {isa = PBXBuildFile; fileRef = 3459F7AE2AB8729C00D15011 /* CalcHistoryOperationCell.swift */; };
		345DE4562AB830CA00228BCB /* CalcHistoryMainCell.swift in Sources */ = {isa = PBXBuildFile; fileRef = 345DE4552AB830CA00228BCB /* CalcHistoryMainCell.swift */; };
		3472FB462A911C2C00B435CB /* TimeCalcApp.swift in Sources */ = {isa = PBXBuildFile; fileRef = 3472FB452A911C2C00B435CB /* TimeCalcApp.swift */; };
		3472FB482A911C2C00B435CB /* TimeDialView.swift in Sources */ = {isa = PBXBuildFile; fileRef = 3472FB472A911C2C00B435CB /* TimeDialView.swift */; };
		3472FB4A2A911C2F00B435CB /* Assets.xcassets in Resources */ = {isa = PBXBuildFile; fileRef = 3472FB492A911C2F00B435CB /* Assets.xcassets */; };
		3472FB4D2A911C2F00B435CB /* Preview Assets.xcassets in Resources */ = {isa = PBXBuildFile; fileRef = 3472FB4C2A911C2F00B435CB /* Preview Assets.xcassets */; };
		3472FB542A911C6000B435CB /* CircularSlider.swift in Sources */ = {isa = PBXBuildFile; fileRef = 3472FB532A911C6000B435CB /* CircularSlider.swift */; };
		34811AF62AF3869F00EA0CA4 /* UnitChangeView.swift in Sources */ = {isa = PBXBuildFile; fileRef = 34811AF52AF3869F00EA0CA4 /* UnitChangeView.swift */; };
		349BEF7D2AB5F93000B2428E /* CalculationHistoryView.swift in Sources */ = {isa = PBXBuildFile; fileRef = 349BEF7C2AB5F93000B2428E /* CalculationHistoryView.swift */; };
		349BEF7F2AB5FAB200B2428E /* CalcHistoryItem.swift in Sources */ = {isa = PBXBuildFile; fileRef = 349BEF7E2AB5FAB200B2428E /* CalcHistoryItem.swift */; };
		349E9A8F2AF13F7400E20AFB /* MainMenuView.swift in Sources */ = {isa = PBXBuildFile; fileRef = 349E9A8E2AF13F7400E20AFB /* MainMenuView.swift */; };
		34E411A72A91CD1000F95F19 /* TimeDialViewModel.swift in Sources */ = {isa = PBXBuildFile; fileRef = 34E411A62A91CD1000F95F19 /* TimeDialViewModel.swift */; };
		34F492CF2A98959B00A8E203 /* SliderUnitButtons.swift in Sources */ = {isa = PBXBuildFile; fileRef = 34F492CE2A98959B00A8E203 /* SliderUnitButtons.swift */; };
/* End PBXBuildFile section */

/* Begin PBXFileReference section */
		3436F1672AF227B000A3507E /* DateDifferenceView.swift */ = {isa = PBXFileReference; lastKnownFileType = sourcecode.swift; path = DateDifferenceView.swift; sourceTree = "<group>"; };
		3436F1692AF22B3B00A3507E /* DateDifferenceViewModel.swift */ = {isa = PBXFileReference; lastKnownFileType = sourcecode.swift; path = DateDifferenceViewModel.swift; sourceTree = "<group>"; };
		3436F16B2AF22CAF00A3507E /* DateDiffItem.swift */ = {isa = PBXFileReference; lastKnownFileType = sourcecode.swift; path = DateDiffItem.swift; sourceTree = "<group>"; };
		3459F7AE2AB8729C00D15011 /* CalcHistoryOperationCell.swift */ = {isa = PBXFileReference; lastKnownFileType = sourcecode.swift; path = CalcHistoryOperationCell.swift; sourceTree = "<group>"; };
		345DE4552AB830CA00228BCB /* CalcHistoryMainCell.swift */ = {isa = PBXFileReference; lastKnownFileType = sourcecode.swift; path = CalcHistoryMainCell.swift; sourceTree = "<group>"; };
		3472FB422A911C2C00B435CB /* TimeCalc.app */ = {isa = PBXFileReference; explicitFileType = wrapper.application; includeInIndex = 0; path = TimeCalc.app; sourceTree = BUILT_PRODUCTS_DIR; };
		3472FB452A911C2C00B435CB /* TimeCalcApp.swift */ = {isa = PBXFileReference; lastKnownFileType = sourcecode.swift; path = TimeCalcApp.swift; sourceTree = "<group>"; };
		3472FB472A911C2C00B435CB /* TimeDialView.swift */ = {isa = PBXFileReference; lastKnownFileType = sourcecode.swift; path = TimeDialView.swift; sourceTree = "<group>"; };
		3472FB492A911C2F00B435CB /* Assets.xcassets */ = {isa = PBXFileReference; lastKnownFileType = folder.assetcatalog; path = Assets.xcassets; sourceTree = "<group>"; };
		3472FB4C2A911C2F00B435CB /* Preview Assets.xcassets */ = {isa = PBXFileReference; lastKnownFileType = folder.assetcatalog; path = "Preview Assets.xcassets"; sourceTree = "<group>"; };
		3472FB532A911C6000B435CB /* CircularSlider.swift */ = {isa = PBXFileReference; lastKnownFileType = sourcecode.swift; path = CircularSlider.swift; sourceTree = "<group>"; };
		34811AF52AF3869F00EA0CA4 /* UnitChangeView.swift */ = {isa = PBXFileReference; lastKnownFileType = sourcecode.swift; path = UnitChangeView.swift; sourceTree = "<group>"; };
		3485CAE92AFCC77E00B319C6 /* Info.plist */ = {isa = PBXFileReference; lastKnownFileType = text.plist; path = Info.plist; sourceTree = "<group>"; };
		349BEF7C2AB5F93000B2428E /* CalculationHistoryView.swift */ = {isa = PBXFileReference; lastKnownFileType = sourcecode.swift; path = CalculationHistoryView.swift; sourceTree = "<group>"; };
		349BEF7E2AB5FAB200B2428E /* CalcHistoryItem.swift */ = {isa = PBXFileReference; lastKnownFileType = sourcecode.swift; path = CalcHistoryItem.swift; sourceTree = "<group>"; };
		349E9A8E2AF13F7400E20AFB /* MainMenuView.swift */ = {isa = PBXFileReference; lastKnownFileType = sourcecode.swift; path = MainMenuView.swift; sourceTree = "<group>"; };
		34E411A62A91CD1000F95F19 /* TimeDialViewModel.swift */ = {isa = PBXFileReference; lastKnownFileType = sourcecode.swift; path = TimeDialViewModel.swift; sourceTree = "<group>"; };
		34F492CE2A98959B00A8E203 /* SliderUnitButtons.swift */ = {isa = PBXFileReference; lastKnownFileType = sourcecode.swift; path = SliderUnitButtons.swift; sourceTree = "<group>"; };
/* End PBXFileReference section */

/* Begin PBXFrameworksBuildPhase section */
		3472FB3F2A911C2C00B435CB /* Frameworks */ = {
			isa = PBXFrameworksBuildPhase;
			buildActionMask = 2147483647;
			files = (
			);
			runOnlyForDeploymentPostprocessing = 0;
		};
/* End PBXFrameworksBuildPhase section */

/* Begin PBXGroup section */
		3472FB392A911C2C00B435CB = {
			isa = PBXGroup;
			children = (
				3472FB442A911C2C00B435CB /* TimeCalc */,
				3472FB432A911C2C00B435CB /* Products */,
			);
			sourceTree = "<group>";
		};
		3472FB432A911C2C00B435CB /* Products */ = {
			isa = PBXGroup;
			children = (
				3472FB422A911C2C00B435CB /* TimeCalc.app */,
			);
			name = Products;
			sourceTree = "<group>";
		};
		3472FB442A911C2C00B435CB /* TimeCalc */ = {
			isa = PBXGroup;
			children = (
				3485CAE92AFCC77E00B319C6 /* Info.plist */,
				3472FB452A911C2C00B435CB /* TimeCalcApp.swift */,
				349E9A902AF1438800E20AFB /* Model */,
				34E411A82A91CD1600F95F19 /* View */,
				34E411AA2A91CD3800F95F19 /* ViewModel */,
				34E411A92A91CD2200F95F19 /* Custom Components */,
				3472FB492A911C2F00B435CB /* Assets.xcassets */,
				3472FB4B2A911C2F00B435CB /* Preview Content */,
			);
			path = TimeCalc;
			sourceTree = "<group>";
		};
		3472FB4B2A911C2F00B435CB /* Preview Content */ = {
			isa = PBXGroup;
			children = (
				3472FB4C2A911C2F00B435CB /* Preview Assets.xcassets */,
			);
			path = "Preview Content";
			sourceTree = "<group>";
		};
		349E9A902AF1438800E20AFB /* Model */ = {
			isa = PBXGroup;
			children = (
				349BEF7E2AB5FAB200B2428E /* CalcHistoryItem.swift */,
				3436F16B2AF22CAF00A3507E /* DateDiffItem.swift */,
			);
			path = Model;
			sourceTree = "<group>";
		};
		34E411A82A91CD1600F95F19 /* View */ = {
			isa = PBXGroup;
			children = (
				349E9A8E2AF13F7400E20AFB /* MainMenuView.swift */,
				3472FB472A911C2C00B435CB /* TimeDialView.swift */,
				349BEF7C2AB5F93000B2428E /* CalculationHistoryView.swift */,
				3436F1672AF227B000A3507E /* DateDifferenceView.swift */,
				34811AF52AF3869F00EA0CA4 /* UnitChangeView.swift */,
			);
			path = View;
			sourceTree = "<group>";
		};
		34E411A92A91CD2200F95F19 /* Custom Components */ = {
			isa = PBXGroup;
			children = (
				3472FB532A911C6000B435CB /* CircularSlider.swift */,
				34F492CE2A98959B00A8E203 /* SliderUnitButtons.swift */,
				345DE4552AB830CA00228BCB /* CalcHistoryMainCell.swift */,
				3459F7AE2AB8729C00D15011 /* CalcHistoryOperationCell.swift */,
			);
			path = "Custom Components";
			sourceTree = "<group>";
		};
		34E411AA2A91CD3800F95F19 /* ViewModel */ = {
			isa = PBXGroup;
			children = (
				34E411A62A91CD1000F95F19 /* TimeDialViewModel.swift */,
				3436F1692AF22B3B00A3507E /* DateDifferenceViewModel.swift */,
			);
			path = ViewModel;
			sourceTree = "<group>";
		};
/* End PBXGroup section */

/* Begin PBXNativeTarget section */
		3472FB412A911C2C00B435CB /* TimeCalc */ = {
			isa = PBXNativeTarget;
			buildConfigurationList = 3472FB502A911C2F00B435CB /* Build configuration list for PBXNativeTarget "TimeCalc" */;
			buildPhases = (
				3472FB3E2A911C2C00B435CB /* Sources */,
				3472FB3F2A911C2C00B435CB /* Frameworks */,
				3472FB402A911C2C00B435CB /* Resources */,
			);
			buildRules = (
			);
			dependencies = (
			);
			name = TimeCalc;
			productName = TimeCalc;
			productReference = 3472FB422A911C2C00B435CB /* TimeCalc.app */;
			productType = "com.apple.product-type.application";
		};
/* End PBXNativeTarget section */

/* Begin PBXProject section */
		3472FB3A2A911C2C00B435CB /* Project object */ = {
			isa = PBXProject;
			attributes = {
				BuildIndependentTargetsInParallel = 1;
				LastSwiftUpdateCheck = 1500;
				LastUpgradeCheck = 1500;
				TargetAttributes = {
					3472FB412A911C2C00B435CB = {
						CreatedOnToolsVersion = 15.0;
					};
				};
			};
			buildConfigurationList = 3472FB3D2A911C2C00B435CB /* Build configuration list for PBXProject "TimeCalc" */;
			compatibilityVersion = "Xcode 14.0";
			developmentRegion = en;
			hasScannedForEncodings = 0;
			knownRegions = (
				en,
				Base,
			);
			mainGroup = 3472FB392A911C2C00B435CB;
			productRefGroup = 3472FB432A911C2C00B435CB /* Products */;
			projectDirPath = "";
			projectRoot = "";
			targets = (
				3472FB412A911C2C00B435CB /* TimeCalc */,
			);
		};
/* End PBXProject section */

/* Begin PBXResourcesBuildPhase section */
		3472FB402A911C2C00B435CB /* Resources */ = {
			isa = PBXResourcesBuildPhase;
			buildActionMask = 2147483647;
			files = (
				3472FB4D2A911C2F00B435CB /* Preview Assets.xcassets in Resources */,
				3472FB4A2A911C2F00B435CB /* Assets.xcassets in Resources */,
			);
			runOnlyForDeploymentPostprocessing = 0;
		};
/* End PBXResourcesBuildPhase section */

/* Begin PBXSourcesBuildPhase section */
		3472FB3E2A911C2C00B435CB /* Sources */ = {
			isa = PBXSourcesBuildPhase;
			buildActionMask = 2147483647;
			files = (
				349E9A8F2AF13F7400E20AFB /* MainMenuView.swift in Sources */,
				34E411A72A91CD1000F95F19 /* TimeDialViewModel.swift in Sources */,
				3436F16C2AF22CAF00A3507E /* DateDiffItem.swift in Sources */,
				349BEF7D2AB5F93000B2428E /* CalculationHistoryView.swift in Sources */,
				349BEF7F2AB5FAB200B2428E /* CalcHistoryItem.swift in Sources */,
				3472FB482A911C2C00B435CB /* TimeDialView.swift in Sources */,
				34811AF62AF3869F00EA0CA4 /* UnitChangeView.swift in Sources */,
				3472FB462A911C2C00B435CB /* TimeCalcApp.swift in Sources */,
				3472FB542A911C6000B435CB /* CircularSlider.swift in Sources */,
				3459F7AF2AB8729C00D15011 /* CalcHistoryOperationCell.swift in Sources */,
				345DE4562AB830CA00228BCB /* CalcHistoryMainCell.swift in Sources */,
				3436F16A2AF22B3B00A3507E /* DateDifferenceViewModel.swift in Sources */,
				34F492CF2A98959B00A8E203 /* SliderUnitButtons.swift in Sources */,
				3436F1682AF227B000A3507E /* DateDifferenceView.swift in Sources */,
			);
			runOnlyForDeploymentPostprocessing = 0;
		};
/* End PBXSourcesBuildPhase section */

/* Begin XCBuildConfiguration section */
		3472FB4E2A911C2F00B435CB /* Debug */ = {
			isa = XCBuildConfiguration;
			buildSettings = {
				ALWAYS_SEARCH_USER_PATHS = NO;
				ASSETCATALOG_COMPILER_GENERATE_SWIFT_ASSET_SYMBOL_EXTENSIONS = YES;
				CLANG_ANALYZER_NONNULL = YES;
				CLANG_ANALYZER_NUMBER_OBJECT_CONVERSION = YES_AGGRESSIVE;
				CLANG_CXX_LANGUAGE_STANDARD = "gnu++20";
				CLANG_ENABLE_MODULES = YES;
				CLANG_ENABLE_OBJC_ARC = YES;
				CLANG_ENABLE_OBJC_WEAK = YES;
				CLANG_WARN_BLOCK_CAPTURE_AUTORELEASING = YES;
				CLANG_WARN_BOOL_CONVERSION = YES;
				CLANG_WARN_COMMA = YES;
				CLANG_WARN_CONSTANT_CONVERSION = YES;
				CLANG_WARN_DEPRECATED_OBJC_IMPLEMENTATIONS = YES;
				CLANG_WARN_DIRECT_OBJC_ISA_USAGE = YES_ERROR;
				CLANG_WARN_DOCUMENTATION_COMMENTS = YES;
				CLANG_WARN_EMPTY_BODY = YES;
				CLANG_WARN_ENUM_CONVERSION = YES;
				CLANG_WARN_INFINITE_RECURSION = YES;
				CLANG_WARN_INT_CONVERSION = YES;
				CLANG_WARN_NON_LITERAL_NULL_CONVERSION = YES;
				CLANG_WARN_OBJC_IMPLICIT_RETAIN_SELF = YES;
				CLANG_WARN_OBJC_LITERAL_CONVERSION = YES;
				CLANG_WARN_OBJC_ROOT_CLASS = YES_ERROR;
				CLANG_WARN_QUOTED_INCLUDE_IN_FRAMEWORK_HEADER = YES;
				CLANG_WARN_RANGE_LOOP_ANALYSIS = YES;
				CLANG_WARN_STRICT_PROTOTYPES = YES;
				CLANG_WARN_SUSPICIOUS_MOVE = YES;
				CLANG_WARN_UNGUARDED_AVAILABILITY = YES_AGGRESSIVE;
				CLANG_WARN_UNREACHABLE_CODE = YES;
				CLANG_WARN__DUPLICATE_METHOD_MATCH = YES;
				COPY_PHASE_STRIP = NO;
				DEBUG_INFORMATION_FORMAT = dwarf;
				ENABLE_STRICT_OBJC_MSGSEND = YES;
				ENABLE_TESTABILITY = YES;
				ENABLE_USER_SCRIPT_SANDBOXING = YES;
				GCC_C_LANGUAGE_STANDARD = gnu17;
				GCC_DYNAMIC_NO_PIC = NO;
				GCC_NO_COMMON_BLOCKS = YES;
				GCC_OPTIMIZATION_LEVEL = 0;
				GCC_PREPROCESSOR_DEFINITIONS = (
					"DEBUG=1",
					"$(inherited)",
				);
				GCC_WARN_64_TO_32_BIT_CONVERSION = YES;
				GCC_WARN_ABOUT_RETURN_TYPE = YES_ERROR;
				GCC_WARN_UNDECLARED_SELECTOR = YES;
				GCC_WARN_UNINITIALIZED_AUTOS = YES_AGGRESSIVE;
				GCC_WARN_UNUSED_FUNCTION = YES;
				GCC_WARN_UNUSED_VARIABLE = YES;
				IPHONEOS_DEPLOYMENT_TARGET = 17.0;
				LOCALIZATION_PREFERS_STRING_CATALOGS = YES;
				MTL_ENABLE_DEBUG_INFO = INCLUDE_SOURCE;
				MTL_FAST_MATH = YES;
				ONLY_ACTIVE_ARCH = YES;
				SDKROOT = iphoneos;
				SWIFT_ACTIVE_COMPILATION_CONDITIONS = "DEBUG $(inherited)";
				SWIFT_OPTIMIZATION_LEVEL = "-Onone";
			};
			name = Debug;
		};
		3472FB4F2A911C2F00B435CB /* Release */ = {
			isa = XCBuildConfiguration;
			buildSettings = {
				ALWAYS_SEARCH_USER_PATHS = NO;
				ASSETCATALOG_COMPILER_GENERATE_SWIFT_ASSET_SYMBOL_EXTENSIONS = YES;
				CLANG_ANALYZER_NONNULL = YES;
				CLANG_ANALYZER_NUMBER_OBJECT_CONVERSION = YES_AGGRESSIVE;
				CLANG_CXX_LANGUAGE_STANDARD = "gnu++20";
				CLANG_ENABLE_MODULES = YES;
				CLANG_ENABLE_OBJC_ARC = YES;
				CLANG_ENABLE_OBJC_WEAK = YES;
				CLANG_WARN_BLOCK_CAPTURE_AUTORELEASING = YES;
				CLANG_WARN_BOOL_CONVERSION = YES;
				CLANG_WARN_COMMA = YES;
				CLANG_WARN_CONSTANT_CONVERSION = YES;
				CLANG_WARN_DEPRECATED_OBJC_IMPLEMENTATIONS = YES;
				CLANG_WARN_DIRECT_OBJC_ISA_USAGE = YES_ERROR;
				CLANG_WARN_DOCUMENTATION_COMMENTS = YES;
				CLANG_WARN_EMPTY_BODY = YES;
				CLANG_WARN_ENUM_CONVERSION = YES;
				CLANG_WARN_INFINITE_RECURSION = YES;
				CLANG_WARN_INT_CONVERSION = YES;
				CLANG_WARN_NON_LITERAL_NULL_CONVERSION = YES;
				CLANG_WARN_OBJC_IMPLICIT_RETAIN_SELF = YES;
				CLANG_WARN_OBJC_LITERAL_CONVERSION = YES;
				CLANG_WARN_OBJC_ROOT_CLASS = YES_ERROR;
				CLANG_WARN_QUOTED_INCLUDE_IN_FRAMEWORK_HEADER = YES;
				CLANG_WARN_RANGE_LOOP_ANALYSIS = YES;
				CLANG_WARN_STRICT_PROTOTYPES = YES;
				CLANG_WARN_SUSPICIOUS_MOVE = YES;
				CLANG_WARN_UNGUARDED_AVAILABILITY = YES_AGGRESSIVE;
				CLANG_WARN_UNREACHABLE_CODE = YES;
				CLANG_WARN__DUPLICATE_METHOD_MATCH = YES;
				COPY_PHASE_STRIP = NO;
				DEBUG_INFORMATION_FORMAT = "dwarf-with-dsym";
				ENABLE_NS_ASSERTIONS = NO;
				ENABLE_STRICT_OBJC_MSGSEND = YES;
				ENABLE_USER_SCRIPT_SANDBOXING = YES;
				GCC_C_LANGUAGE_STANDARD = gnu17;
				GCC_NO_COMMON_BLOCKS = YES;
				GCC_WARN_64_TO_32_BIT_CONVERSION = YES;
				GCC_WARN_ABOUT_RETURN_TYPE = YES_ERROR;
				GCC_WARN_UNDECLARED_SELECTOR = YES;
				GCC_WARN_UNINITIALIZED_AUTOS = YES_AGGRESSIVE;
				GCC_WARN_UNUSED_FUNCTION = YES;
				GCC_WARN_UNUSED_VARIABLE = YES;
				IPHONEOS_DEPLOYMENT_TARGET = 17.0;
				LOCALIZATION_PREFERS_STRING_CATALOGS = YES;
				MTL_ENABLE_DEBUG_INFO = NO;
				MTL_FAST_MATH = YES;
				SDKROOT = iphoneos;
				SWIFT_COMPILATION_MODE = wholemodule;
				VALIDATE_PRODUCT = YES;
			};
			name = Release;
		};
		3472FB512A911C2F00B435CB /* Debug */ = {
			isa = XCBuildConfiguration;
			buildSettings = {
				ASSETCATALOG_COMPILER_APPICON_NAME = AppIcon;
				ASSETCATALOG_COMPILER_GLOBAL_ACCENT_COLOR_NAME = AccentColor;
				CODE_SIGN_STYLE = Automatic;
				CURRENT_PROJECT_VERSION = 2;
				DEVELOPMENT_ASSET_PATHS = "\"TimeCalc/Preview Content\"";
				DEVELOPMENT_TEAM = CMJ553K76W;
				ENABLE_PREVIEWS = YES;
				GENERATE_INFOPLIST_FILE = YES;
				INFOPLIST_FILE = TimeCalc/Info.plist;
				INFOPLIST_KEY_CFBundleDisplayName = Timefly;
				INFOPLIST_KEY_LSApplicationCategoryType = "public.app-category.utilities";
				INFOPLIST_KEY_UIApplicationSceneManifest_Generation = YES;
				INFOPLIST_KEY_UIApplicationSupportsIndirectInputEvents = YES;
				INFOPLIST_KEY_UILaunchScreen_Generation = YES;
				INFOPLIST_KEY_UISupportedInterfaceOrientations_iPad = "UIInterfaceOrientationPortrait UIInterfaceOrientationPortraitUpsideDown UIInterfaceOrientationLandscapeLeft UIInterfaceOrientationLandscapeRight";
				INFOPLIST_KEY_UISupportedInterfaceOrientations_iPhone = "UIInterfaceOrientationPortrait UIInterfaceOrientationLandscapeLeft UIInterfaceOrientationLandscapeRight";
				LD_RUNPATH_SEARCH_PATHS = (
					"$(inherited)",
					"@executable_path/Frameworks",
				);
				MARKETING_VERSION = 1.0;
				PRODUCT_BUNDLE_IDENTIFIER = dev.bartminski.TimeCalc;
				PRODUCT_NAME = "$(TARGET_NAME)";
				SWIFT_EMIT_LOC_STRINGS = YES;
				SWIFT_VERSION = 5.0;
				TARGETED_DEVICE_FAMILY = "1,2";
			};
			name = Debug;
		};
		3472FB522A911C2F00B435CB /* Release */ = {
			isa = XCBuildConfiguration;
			buildSettings = {
				ASSETCATALOG_COMPILER_APPICON_NAME = AppIcon;
				ASSETCATALOG_COMPILER_GLOBAL_ACCENT_COLOR_NAME = AccentColor;
				CODE_SIGN_STYLE = Automatic;
				CURRENT_PROJECT_VERSION = 2;
				DEVELOPMENT_ASSET_PATHS = "\"TimeCalc/Preview Content\"";
				DEVELOPMENT_TEAM = CMJ553K76W;
				ENABLE_PREVIEWS = YES;
				GENERATE_INFOPLIST_FILE = YES;
				INFOPLIST_FILE = TimeCalc/Info.plist;
				INFOPLIST_KEY_CFBundleDisplayName = Timefly;
				INFOPLIST_KEY_LSApplicationCategoryType = "public.app-category.utilities";
				INFOPLIST_KEY_UIApplicationSceneManifest_Generation = YES;
				INFOPLIST_KEY_UIApplicationSupportsIndirectInputEvents = YES;
				INFOPLIST_KEY_UILaunchScreen_Generation = YES;
				INFOPLIST_KEY_UISupportedInterfaceOrientations_iPad = "UIInterfaceOrientationPortrait UIInterfaceOrientationPortraitUpsideDown UIInterfaceOrientationLandscapeLeft UIInterfaceOrientationLandscapeRight";
				INFOPLIST_KEY_UISupportedInterfaceOrientations_iPhone = "UIInterfaceOrientationPortrait UIInterfaceOrientationLandscapeLeft UIInterfaceOrientationLandscapeRight";
				LD_RUNPATH_SEARCH_PATHS = (
					"$(inherited)",
					"@executable_path/Frameworks",
				);
				MARKETING_VERSION = 1.0;
				PRODUCT_BUNDLE_IDENTIFIER = dev.bartminski.TimeCalc;
				PRODUCT_NAME = "$(TARGET_NAME)";
				SWIFT_EMIT_LOC_STRINGS = YES;
				SWIFT_VERSION = 5.0;
				TARGETED_DEVICE_FAMILY = "1,2";
			};
			name = Release;
		};
/* End XCBuildConfiguration section */

/* Begin XCConfigurationList section */
		3472FB3D2A911C2C00B435CB /* Build configuration list for PBXProject "TimeCalc" */ = {
			isa = XCConfigurationList;
			buildConfigurations = (
				3472FB4E2A911C2F00B435CB /* Debug */,
				3472FB4F2A911C2F00B435CB /* Release */,
			);
			defaultConfigurationIsVisible = 0;
			defaultConfigurationName = Release;
		};
		3472FB502A911C2F00B435CB /* Build configuration list for PBXNativeTarget "TimeCalc" */ = {
			isa = XCConfigurationList;
			buildConfigurations = (
				3472FB512A911C2F00B435CB /* Debug */,
				3472FB522A911C2F00B435CB /* Release */,
			);
			defaultConfigurationIsVisible = 0;
			defaultConfigurationName = Release;
		};
/* End XCConfigurationList section */
	};
	rootObject = 3472FB3A2A911C2C00B435CB /* Project object */;
}
